
Microsoft Visual Studio Solution File, Format Version 12.00
# Visual Studio Version 17
VisualStudioVersion = 17.5.33502.453
MinimumVisualStudioVersion = 10.0.40219.1
Project("{FAE04EC0-301F-11D3-BF4B-00C04F79EFBC}") = "SignalRChat", "SignalRChat\SignalRChat.csproj", "{98C262E0-809A-47C3-9086-20E05DF86133}"
EndProject
Global
	GlobalSection(SolutionConfigurationPlatforms) = preSolution
		Debug|Any CPU = Debug|Any CPU
		Release|Any CPU = Release|Any CPU
	EndGlobalSection
	GlobalSection(ProjectConfigurationPlatforms) = postSolution
		{98C262E0-809A-47C3-9086-20E05DF86133}.Debug|Any CPU.ActiveCfg = Debug|Any CPU
		{98C262E0-809A-47C3-9086-20E05DF86133}.Debug|Any CPU.Build.0 = Debug|Any CPU
		{98C262E0-809A-47C3-9086-20E05DF86133}.Release|Any CPU.ActiveCfg = Release|Any CPU
		{98C262E0-809A-47C3-9086-20E05DF86133}.Release|Any CPU.Build.0 = Release|Any CPU
	EndGlobalSection
	GlobalSection(SolutionProperties) = preSolution
		HideSolutionNode = FALSE
	EndGlobalSection
	GlobalSection(ExtensibilityGlobals) = postSolution
		SolutionGuid = {673B7F18-59FA-4A2C-83C3-D45C12D298D9}
	EndGlobalSection
EndGlobal
